
Microsoft Visual Studio Solution File, Format Version 12.00
# Visual Studio Version 17
VisualStudioVersion = 17.14.37027.9 d17.14
MinimumVisualStudioVersion = 10.0.40219.1
Project("{FAE04EC0-301F-11D3-BF4B-00C04F79EFBC}") = "Desafio 2 - DAS - Colegio San Jose", "Desafio 2 - DAS - Colegio San Jose.csproj", "{12239FB8-7509-4742-A54B-0607C13D38F9}"
EndProject
Global
	GlobalSection(SolutionConfigurationPlatforms) = preSolution
		Debug|Any CPU = Debug|Any CPU
		Release|Any CPU = Release|Any CPU
	EndGlobalSection
	GlobalSection(ProjectConfigurationPlatforms) = postSolution
		{12239FB8-7509-4742-A54B-0607C13D38F9}.Debug|Any CPU.ActiveCfg = Debug|Any CPU
		{12239FB8-7509-4742-A54B-0607C13D38F9}.Debug|Any CPU.Build.0 = Debug|Any CPU
		{12239FB8-7509-4742-A54B-0607C13D38F9}.Release|Any CPU.ActiveCfg = Release|Any CPU
		{12239FB8-7509-4742-A54B-0607C13D38F9}.Release|Any CPU.Build.0 = Release|Any CPU
	EndGlobalSection
	GlobalSection(SolutionProperties) = preSolution
		HideSolutionNode = FALSE
	EndGlobalSection
	GlobalSection(ExtensibilityGlobals) = postSolution
		SolutionGuid = {CEF33181-1948-4F49-9CFB-636E0BA60ABB}
	EndGlobalSection
EndGlobal
